
Microsoft Visual Studio Solution File, Format Version 12.00
# Visual Studio Version 17
VisualStudioVersion = 17.1.32407.343
MinimumVisualStudioVersion = 10.0.40219.1
Project("{FAE04EC0-301F-11D3-BF4B-00C04F79EFBC}") = "FinalTask_Country", "FinalTask_Country\FinalTask_Country.csproj", "{C81BB811-7E17-4F80-8486-4D208523834F}"
EndProject
Global
	GlobalSection(SolutionConfigurationPlatforms) = preSolution
		Debug|Any CPU = Debug|Any CPU
		Release|Any CPU = Release|Any CPU
	EndGlobalSection
	GlobalSection(ProjectConfigurationPlatforms) = postSolution
		{C81BB811-7E17-4F80-8486-4D208523834F}.Debug|Any CPU.ActiveCfg = Debug|Any CPU
		{C81BB811-7E17-4F80-8486-4D208523834F}.Debug|Any CPU.Build.0 = Debug|Any CPU
		{C81BB811-7E17-4F80-8486-4D208523834F}.Release|Any CPU.ActiveCfg = Release|Any CPU
		{C81BB811-7E17-4F80-8486-4D208523834F}.Release|Any CPU.Build.0 = Release|Any CPU
	EndGlobalSection
	GlobalSection(SolutionProperties) = preSolution
		HideSolutionNode = FALSE
	EndGlobalSection
	GlobalSection(ExtensibilityGlobals) = postSolution
		SolutionGuid = {40A048CB-B5EE-42D3-9C50-A777ECAA5F8E}
	EndGlobalSection
EndGlobal
